
Microsoft Visual Studio Solution File, Format Version 12.00
# Visual Studio Version 17
VisualStudioVersion = 17.4.33213.308
MinimumVisualStudioVersion = 10.0.40219.1
Project("{FAE04EC0-301F-11D3-BF4B-00C04F79EFBC}") = "GameServer", "GameServer.csproj", "{6840FF5C-BA9C-40CD-BA10-0C20282F8738}"
EndProject
Global
	GlobalSection(SolutionConfigurationPlatforms) = preSolution
		Debug|Any CPU = Debug|Any CPU
		Release|Any CPU = Release|Any CPU
	EndGlobalSection
	GlobalSection(ProjectConfigurationPlatforms) = postSolution
		{6840FF5C-BA9C-40CD-BA10-0C20282F8738}.Debug|Any CPU.ActiveCfg = Debug|Any CPU
		{6840FF5C-BA9C-40CD-BA10-0C20282F8738}.Debug|Any CPU.Build.0 = Debug|Any CPU
		{6840FF5C-BA9C-40CD-BA10-0C20282F8738}.Release|Any CPU.ActiveCfg = Release|Any CPU
		{6840FF5C-BA9C-40CD-BA10-0C20282F8738}.Release|Any CPU.Build.0 = Release|Any CPU
	EndGlobalSection
	GlobalSection(SolutionProperties) = preSolution
		HideSolutionNode = FALSE
	EndGlobalSection
	GlobalSection(ExtensibilityGlobals) = postSolution
		SolutionGuid = {323F7B4A-AA18-46A7-94E7-13C338494828}
	EndGlobalSection
EndGlobal
