
Microsoft Visual Studio Solution File, Format Version 12.00
# Visual Studio Version 17
VisualStudioVersion = 17.4.33213.308
MinimumVisualStudioVersion = 10.0.40219.1
Project("{FAE04EC0-301F-11D3-BF4B-00C04F79EFBC}") = "Connect 4 Project", "Connect 4 Project\Connect 4 Project.csproj", "{C51C0F89-53BE-45B4-83D7-735D74BD6EAB}"
EndProject
Global
	GlobalSection(SolutionConfigurationPlatforms) = preSolution
		Debug|Any CPU = Debug|Any CPU
		Release|Any CPU = Release|Any CPU
	EndGlobalSection
	GlobalSection(ProjectConfigurationPlatforms) = postSolution
		{C51C0F89-53BE-45B4-83D7-735D74BD6EAB}.Debug|Any CPU.ActiveCfg = Debug|Any CPU
		{C51C0F89-53BE-45B4-83D7-735D74BD6EAB}.Debug|Any CPU.Build.0 = Debug|Any CPU
		{C51C0F89-53BE-45B4-83D7-735D74BD6EAB}.Release|Any CPU.ActiveCfg = Release|Any CPU
		{C51C0F89-53BE-45B4-83D7-735D74BD6EAB}.Release|Any CPU.Build.0 = Release|Any CPU
	EndGlobalSection
	GlobalSection(SolutionProperties) = preSolution
		HideSolutionNode = FALSE
	EndGlobalSection
	GlobalSection(ExtensibilityGlobals) = postSolution
		SolutionGuid = {83188EF5-96E7-4597-98FB-0BEB83598A82}
	EndGlobalSection
EndGlobal
